
Microsoft Visual Studio Solution File, Format Version 12.00
# Visual Studio 15
VisualStudioVersion = 15.0.28307.271
MinimumVisualStudioVersion = 10.0.40219.1
Project("{FAE04EC0-301F-11D3-BF4B-00C04F79EFBC}") = "ShoppingList.Android", "ShoppingList\ShoppingList.Android\ShoppingList.Android.csproj", "{46A6F5D3-DECD-4B64-8EEF-798C42EA8291}"
EndProject
Project("{9A19103F-16F7-4668-BE54-9A1E7A4F7556}") = "ShoppingList", "ShoppingList\ShoppingList\ShoppingList.csproj", "{EC12E57E-9E81-421C-BAB0-47E4FE3AD83E}"
EndProject
Project("{FAE04EC0-301F-11D3-BF4B-00C04F79EFBC}") = "ShoppingList.Tests", "ShoppingList.Tests\ShoppingList.Tests.csproj", "{CB17FC3D-1FDD-49A2-9708-1873E8698DA3}"
EndProject
Global
	GlobalSection(SolutionConfigurationPlatforms) = preSolution
		Debug|Any CPU = Debug|Any CPU
		Release|Any CPU = Release|Any CPU
	EndGlobalSection
	GlobalSection(ProjectConfigurationPlatforms) = postSolution
		{46A6F5D3-DECD-4B64-8EEF-798C42EA8291}.Debug|Any CPU.ActiveCfg = Debug|Any CPU
		{46A6F5D3-DECD-4B64-8EEF-798C42EA8291}.Debug|Any CPU.Build.0 = Debug|Any CPU
		{46A6F5D3-DECD-4B64-8EEF-798C42EA8291}.Debug|Any CPU.Deploy.0 = Debug|Any CPU
		{46A6F5D3-DECD-4B64-8EEF-798C42EA8291}.Release|Any CPU.ActiveCfg = Release|Any CPU
		{46A6F5D3-DECD-4B64-8EEF-798C42EA8291}.Release|Any CPU.Build.0 = Release|Any CPU
		{46A6F5D3-DECD-4B64-8EEF-798C42EA8291}.Release|Any CPU.Deploy.0 = Release|Any CPU
		{EC12E57E-9E81-421C-BAB0-47E4FE3AD83E}.Debug|Any CPU.ActiveCfg = Debug|Any CPU
		{EC12E57E-9E81-421C-BAB0-47E4FE3AD83E}.Debug|Any CPU.Build.0 = Debug|Any CPU
		{EC12E57E-9E81-421C-BAB0-47E4FE3AD83E}.Debug|Any CPU.Deploy.0 = Debug|Any CPU
		{EC12E57E-9E81-421C-BAB0-47E4FE3AD83E}.Release|Any CPU.ActiveCfg = Release|Any CPU
		{EC12E57E-9E81-421C-BAB0-47E4FE3AD83E}.Release|Any CPU.Build.0 = Release|Any CPU
		{EC12E57E-9E81-421C-BAB0-47E4FE3AD83E}.Release|Any CPU.Deploy.0 = Release|Any CPU
		{CB17FC3D-1FDD-49A2-9708-1873E8698DA3}.Debug|Any CPU.ActiveCfg = Debug|Any CPU
		{CB17FC3D-1FDD-49A2-9708-1873E8698DA3}.Debug|Any CPU.Build.0 = Debug|Any CPU
		{CB17FC3D-1FDD-49A2-9708-1873E8698DA3}.Release|Any CPU.ActiveCfg = Release|Any CPU
		{CB17FC3D-1FDD-49A2-9708-1873E8698DA3}.Release|Any CPU.Build.0 = Release|Any CPU
	EndGlobalSection
	GlobalSection(SolutionProperties) = preSolution
		HideSolutionNode = FALSE
	EndGlobalSection
	GlobalSection(ExtensibilityGlobals) = postSolution
		SolutionGuid = {D9A95A44-88EE-4BA7-85A7-A38A817B9119}
	EndGlobalSection
EndGlobal
